
Microsoft Visual Studio Solution File, Format Version 12.00
# Visual Studio Version 16
VisualStudioVersion = 16.0.29009.5
MinimumVisualStudioVersion = 10.0.40219.1
Project("{FAE04EC0-301F-11D3-BF4B-00C04F79EFBC}") = "PhillipEvansS00189160ExamQ1", "PhillipEvansS00189160ExamQ1\PhillipEvansS00189160ExamQ1.csproj", "{8B6C0E50-17CA-4D72-990C-9B0409B29A04}"
EndProject
Global
	GlobalSection(SolutionConfigurationPlatforms) = preSolution
		Debug|Any CPU = Debug|Any CPU
		Release|Any CPU = Release|Any CPU
	EndGlobalSection
	GlobalSection(ProjectConfigurationPlatforms) = postSolution
		{8B6C0E50-17CA-4D72-990C-9B0409B29A04}.Debug|Any CPU.ActiveCfg = Debug|Any CPU
		{8B6C0E50-17CA-4D72-990C-9B0409B29A04}.Debug|Any CPU.Build.0 = Debug|Any CPU
		{8B6C0E50-17CA-4D72-990C-9B0409B29A04}.Release|Any CPU.ActiveCfg = Release|Any CPU
		{8B6C0E50-17CA-4D72-990C-9B0409B29A04}.Release|Any CPU.Build.0 = Release|Any CPU
	EndGlobalSection
	GlobalSection(SolutionProperties) = preSolution
		HideSolutionNode = FALSE
	EndGlobalSection
	GlobalSection(ExtensibilityGlobals) = postSolution
		SolutionGuid = {87BF92F6-B1FA-46C4-8E33-9ED44CB7DB56}
	EndGlobalSection
EndGlobal
